
Microsoft Visual Studio Solution File, Format Version 12.00
# Visual Studio 15
VisualStudioVersion = 15.0.26124.0
MinimumVisualStudioVersion = 15.0.26124.0
Project("{2150E333-8FDC-42A3-9474-1A3956D46DE8}") = "src", "src", "{187BC09A-3BFF-4EEE-9362-A4169BB1643D}"
EndProject
Project("{9A19103F-16F7-4668-BE54-9A1E7A4F7556}") = "OK.Confix", "src\OK.Confix\OK.Confix.csproj", "{E3CE0866-8C15-4DAD-94E6-A461AA6FF3F2}"
EndProject
Project("{9A19103F-16F7-4668-BE54-9A1E7A4F7556}") = "OK.Confix.FileSystem", "src\OK.Confix.FileSystem\OK.Confix.FileSystem.csproj", "{DDCFE0BA-C46A-4E0E-A6BF-EEAC3040FE9F}"
EndProject
Project("{9A19103F-16F7-4668-BE54-9A1E7A4F7556}") = "OK.Confix.SqlServer", "src\OK.Confix.SqlServer\OK.Confix.SqlServer.csproj", "{9C5D013F-DAF9-42B9-9E18-5797D357DB58}"
EndProject
Project("{9A19103F-16F7-4668-BE54-9A1E7A4F7556}") = "OK.Confix.WebUI", "src\OK.Confix.WebUI\OK.Confix.WebUI.csproj", "{64A31BDE-2928-4ACA-834A-D0EE73EAFD16}"
EndProject
Project("{2150E333-8FDC-42A3-9474-1A3956D46DE8}") = "samples", "samples", "{AB6FC6DB-080B-41E2-9F96-F722783B14C6}"
EndProject
Project("{9A19103F-16F7-4668-BE54-9A1E7A4F7556}") = "OK.Confix.Samples.Console", "samples\OK.Confix.Samples.Console\OK.Confix.Samples.Console.csproj", "{CF575C88-34DC-4BA5-914A-30B93FFB2427}"
EndProject
Project("{9A19103F-16F7-4668-BE54-9A1E7A4F7556}") = "OK.Confix.Samples.Web", "samples\OK.Confix.Samples.Web\OK.Confix.Samples.Web.csproj", "{1283036E-B9DE-47A0-A19C-A5D897D06C1A}"
EndProject
Project("{2150E333-8FDC-42A3-9474-1A3956D46DE8}") = "test", "test", "{9CDAD015-0AEB-47ED-82A3-331C433831CA}"
EndProject
Project("{FAE04EC0-301F-11D3-BF4B-00C04F79EFBC}") = "OK.Confix.Tests", "test\OK.Confix.Tests\OK.Confix.Tests.csproj", "{C49754A5-EA5F-4A33-94EF-201D06B7D25C}"
EndProject
Global
	GlobalSection(SolutionConfigurationPlatforms) = preSolution
		Debug|Any CPU = Debug|Any CPU
		Debug|x64 = Debug|x64
		Debug|x86 = Debug|x86
		Release|Any CPU = Release|Any CPU
		Release|x64 = Release|x64
		Release|x86 = Release|x86
	EndGlobalSection
	GlobalSection(ProjectConfigurationPlatforms) = postSolution
		{E3CE0866-8C15-4DAD-94E6-A461AA6FF3F2}.Debug|Any CPU.ActiveCfg = Debug|Any CPU
		{E3CE0866-8C15-4DAD-94E6-A461AA6FF3F2}.Debug|Any CPU.Build.0 = Debug|Any CPU
		{E3CE0866-8C15-4DAD-94E6-A461AA6FF3F2}.Debug|x64.ActiveCfg = Debug|Any CPU
		{E3CE0866-8C15-4DAD-94E6-A461AA6FF3F2}.Debug|x64.Build.0 = Debug|Any CPU
		{E3CE0866-8C15-4DAD-94E6-A461AA6FF3F2}.Debug|x86.ActiveCfg = Debug|Any CPU
		{E3CE0866-8C15-4DAD-94E6-A461AA6FF3F2}.Debug|x86.Build.0 = Debug|Any CPU
		{E3CE0866-8C15-4DAD-94E6-A461AA6FF3F2}.Release|Any CPU.ActiveCfg = Release|Any CPU
		{E3CE0866-8C15-4DAD-94E6-A461AA6FF3F2}.Release|Any CPU.Build.0 = Release|Any CPU
		{E3CE0866-8C15-4DAD-94E6-A461AA6FF3F2}.Release|x64.ActiveCfg = Release|Any CPU
		{E3CE0866-8C15-4DAD-94E6-A461AA6FF3F2}.Release|x64.Build.0 = Release|Any CPU
		{E3CE0866-8C15-4DAD-94E6-A461AA6FF3F2}.Release|x86.ActiveCfg = Release|Any CPU
		{E3CE0866-8C15-4DAD-94E6-A461AA6FF3F2}.Release|x86.Build.0 = Release|Any CPU
		{DDCFE0BA-C46A-4E0E-A6BF-EEAC3040FE9F}.Debug|Any CPU.ActiveCfg = Debug|Any CPU
		{DDCFE0BA-C46A-4E0E-A6BF-EEAC3040FE9F}.Debug|Any CPU.Build.0 = Debug|Any CPU
		{DDCFE0BA-C46A-4E0E-A6BF-EEAC3040FE9F}.Debug|x64.ActiveCfg = Debug|Any CPU
		{DDCFE0BA-C46A-4E0E-A6BF-EEAC3040FE9F}.Debug|x64.Build.0 = Debug|Any CPU
		{DDCFE0BA-C46A-4E0E-A6BF-EEAC3040FE9F}.Debug|x86.ActiveCfg = Debug|Any CPU
		{DDCFE0BA-C46A-4E0E-A6BF-EEAC3040FE9F}.Debug|x86.Build.0 = Debug|Any CPU
		{DDCFE0BA-C46A-4E0E-A6BF-EEAC3040FE9F}.Release|Any CPU.ActiveCfg = Release|Any CPU
		{DDCFE0BA-C46A-4E0E-A6BF-EEAC3040FE9F}.Release|Any CPU.Build.0 = Release|Any CPU
		{DDCFE0BA-C46A-4E0E-A6BF-EEAC3040FE9F}.Release|x64.ActiveCfg = Release|Any CPU
		{DDCFE0BA-C46A-4E0E-A6BF-EEAC3040FE9F}.Release|x64.Build.0 = Release|Any CPU
		{DDCFE0BA-C46A-4E0E-A6BF-EEAC3040FE9F}.Release|x86.ActiveCfg = Release|Any CPU
		{DDCFE0BA-C46A-4E0E-A6BF-EEAC3040FE9F}.Release|x86.Build.0 = Release|Any CPU
		{9C5D013F-DAF9-42B9-9E18-5797D357DB58}.Debug|Any CPU.ActiveCfg = Debug|Any CPU
		{9C5D013F-DAF9-42B9-9E18-5797D357DB58}.Debug|Any CPU.Build.0 = Debug|Any CPU
		{9C5D013F-DAF9-42B9-9E18-5797D357DB58}.Debug|x64.ActiveCfg = Debug|Any CPU
		{9C5D013F-DAF9-42B9-9E18-5797D357DB58}.Debug|x64.Build.0 = Debug|Any CPU
		{9C5D013F-DAF9-42B9-9E18-5797D357DB58}.Debug|x86.ActiveCfg = Debug|Any CPU
		{9C5D013F-DAF9-42B9-9E18-5797D357DB58}.Debug|x86.Build.0 = Debug|Any CPU
		{9C5D013F-DAF9-42B9-9E18-5797D357DB58}.Release|Any CPU.ActiveCfg = Release|Any CPU
		{9C5D013F-DAF9-42B9-9E18-5797D357DB58}.Release|Any CPU.Build.0 = Release|Any CPU
		{9C5D013F-DAF9-42B9-9E18-5797D357DB58}.Release|x64.ActiveCfg = Release|Any CPU
		{9C5D013F-DAF9-42B9-9E18-5797D357DB58}.Release|x64.Build.0 = Release|Any CPU
		{9C5D013F-DAF9-42B9-9E18-5797D357DB58}.Release|x86.ActiveCfg = Release|Any CPU
		{9C5D013F-DAF9-42B9-9E18-5797D357DB58}.Release|x86.Build.0 = Release|Any CPU
		{64A31BDE-2928-4ACA-834A-D0EE73EAFD16}.Debug|Any CPU.ActiveCfg = Debug|Any CPU
		{64A31BDE-2928-4ACA-834A-D0EE73EAFD16}.Debug|Any CPU.Build.0 = Debug|Any CPU
		{64A31BDE-2928-4ACA-834A-D0EE73EAFD16}.Debug|x64.ActiveCfg = Debug|Any CPU
		{64A31BDE-2928-4ACA-834A-D0EE73EAFD16}.Debug|x64.Build.0 = Debug|Any CPU
		{64A31BDE-2928-4ACA-834A-D0EE73EAFD16}.Debug|x86.ActiveCfg = Debug|Any CPU
		{64A31BDE-2928-4ACA-834A-D0EE73EAFD16}.Debug|x86.Build.0 = Debug|Any CPU
		{64A31BDE-2928-4ACA-834A-D0EE73EAFD16}.Release|Any CPU.ActiveCfg = Release|Any CPU
		{64A31BDE-2928-4ACA-834A-D0EE73EAFD16}.Release|Any CPU.Build.0 = Release|Any CPU
		{64A31BDE-2928-4ACA-834A-D0EE73EAFD16}.Release|x64.ActiveCfg = Release|Any CPU
		{64A31BDE-2928-4ACA-834A-D0EE73EAFD16}.Release|x64.Build.0 = Release|Any CPU
		{64A31BDE-2928-4ACA-834A-D0EE73EAFD16}.Release|x86.ActiveCfg = Release|Any CPU
		{64A31BDE-2928-4ACA-834A-D0EE73EAFD16}.Release|x86.Build.0 = Release|Any CPU
		{CF575C88-34DC-4BA5-914A-30B93FFB2427}.Debug|Any CPU.ActiveCfg = Debug|Any CPU
		{CF575C88-34DC-4BA5-914A-30B93FFB2427}.Debug|Any CPU.Build.0 = Debug|Any CPU
		{CF575C88-34DC-4BA5-914A-30B93FFB2427}.Debug|x64.ActiveCfg = Debug|Any CPU
		{CF575C88-34DC-4BA5-914A-30B93FFB2427}.Debug|x64.Build.0 = Debug|Any CPU
		{CF575C88-34DC-4BA5-914A-30B93FFB2427}.Debug|x86.ActiveCfg = Debug|Any CPU
		{CF575C88-34DC-4BA5-914A-30B93FFB2427}.Debug|x86.Build.0 = Debug|Any CPU
		{CF575C88-34DC-4BA5-914A-30B93FFB2427}.Release|Any CPU.ActiveCfg = Release|Any CPU
		{CF575C88-34DC-4BA5-914A-30B93FFB2427}.Release|Any CPU.Build.0 = Release|Any CPU
		{CF575C88-34DC-4BA5-914A-30B93FFB2427}.Release|x64.ActiveCfg = Release|Any CPU
		{CF575C88-34DC-4BA5-914A-30B93FFB2427}.Release|x64.Build.0 = Release|Any CPU
		{CF575C88-34DC-4BA5-914A-30B93FFB2427}.Release|x86.ActiveCfg = Release|Any CPU
		{CF575C88-34DC-4BA5-914A-30B93FFB2427}.Release|x86.Build.0 = Release|Any CPU
		{1283036E-B9DE-47A0-A19C-A5D897D06C1A}.Debug|Any CPU.ActiveCfg = Debug|Any CPU
		{1283036E-B9DE-47A0-A19C-A5D897D06C1A}.Debug|Any CPU.Build.0 = Debug|Any CPU
		{1283036E-B9DE-47A0-A19C-A5D897D06C1A}.Debug|x64.ActiveCfg = Debug|Any CPU
		{1283036E-B9DE-47A0-A19C-A5D897D06C1A}.Debug|x64.Build.0 = Debug|Any CPU
		{1283036E-B9DE-47A0-A19C-A5D897D06C1A}.Debug|x86.ActiveCfg = Debug|Any CPU
		{1283036E-B9DE-47A0-A19C-A5D897D06C1A}.Debug|x86.Build.0 = Debug|Any CPU
		{1283036E-B9DE-47A0-A19C-A5D897D06C1A}.Release|Any CPU.ActiveCfg = Release|Any CPU
		{1283036E-B9DE-47A0-A19C-A5D897D06C1A}.Release|Any CPU.Build.0 = Release|Any CPU
		{1283036E-B9DE-47A0-A19C-A5D897D06C1A}.Release|x64.ActiveCfg = Release|Any CPU
		{1283036E-B9DE-47A0-A19C-A5D897D06C1A}.Release|x64.Build.0 = Release|Any CPU
		{1283036E-B9DE-47A0-A19C-A5D897D06C1A}.Release|x86.ActiveCfg = Release|Any CPU
		{1283036E-B9DE-47A0-A19C-A5D897D06C1A}.Release|x86.Build.0 = Release|Any CPU
		{C49754A5-EA5F-4A33-94EF-201D06B7D25C}.Debug|Any CPU.ActiveCfg = Debug|Any CPU
		{C49754A5-EA5F-4A33-94EF-201D06B7D25C}.Debug|Any CPU.Build.0 = Debug|Any CPU
		{C49754A5-EA5F-4A33-94EF-201D06B7D25C}.Debug|x64.ActiveCfg = Debug|Any CPU
		{C49754A5-EA5F-4A33-94EF-201D06B7D25C}.Debug|x64.Build.0 = Debug|Any CPU
		{C49754A5-EA5F-4A33-94EF-201D06B7D25C}.Debug|x86.ActiveCfg = Debug|Any CPU
		{C49754A5-EA5F-4A33-94EF-201D06B7D25C}.Debug|x86.Build.0 = Debug|Any CPU
		{C49754A5-EA5F-4A33-94EF-201D06B7D25C}.Release|Any CPU.ActiveCfg = Release|Any CPU
		{C49754A5-EA5F-4A33-94EF-201D06B7D25C}.Release|Any CPU.Build.0 = Release|Any CPU
		{C49754A5-EA5F-4A33-94EF-201D06B7D25C}.Release|x64.ActiveCfg = Release|Any CPU
		{C49754A5-EA5F-4A33-94EF-201D06B7D25C}.Release|x64.Build.0 = Release|Any CPU
		{C49754A5-EA5F-4A33-94EF-201D06B7D25C}.Release|x86.ActiveCfg = Release|Any CPU
		{C49754A5-EA5F-4A33-94EF-201D06B7D25C}.Release|x86.Build.0 = Release|Any CPU
	EndGlobalSection
	GlobalSection(SolutionProperties) = preSolution
		HideSolutionNode = FALSE
	EndGlobalSection
	GlobalSection(NestedProjects) = preSolution
		{E3CE0866-8C15-4DAD-94E6-A461AA6FF3F2} = {187BC09A-3BFF-4EEE-9362-A4169BB1643D}
		{DDCFE0BA-C46A-4E0E-A6BF-EEAC3040FE9F} = {187BC09A-3BFF-4EEE-9362-A4169BB1643D}
		{9C5D013F-DAF9-42B9-9E18-5797D357DB58} = {187BC09A-3BFF-4EEE-9362-A4169BB1643D}
		{64A31BDE-2928-4ACA-834A-D0EE73EAFD16} = {187BC09A-3BFF-4EEE-9362-A4169BB1643D}
		{CF575C88-34DC-4BA5-914A-30B93FFB2427} = {AB6FC6DB-080B-41E2-9F96-F722783B14C6}
		{1283036E-B9DE-47A0-A19C-A5D897D06C1A} = {AB6FC6DB-080B-41E2-9F96-F722783B14C6}
		{C49754A5-EA5F-4A33-94EF-201D06B7D25C} = {9CDAD015-0AEB-47ED-82A3-331C433831CA}
	EndGlobalSection
	GlobalSection(ExtensibilityGlobals) = postSolution
		SolutionGuid = {E8609E79-2F8A-4EF7-BD87-3B3F053E9BDD}
	EndGlobalSection
EndGlobal
